{
  "name": "cv-terminal",
  "version": "1.0.0",
  "lockfileVersion": 1,
  "requires": true,
  "dependencies": {
    "@trysound/sax": {
      "version": "0.2.0",
      "resolved": "https://registry.npmjs.org/@trysound/sax/-/sax-0.2.0.tgz",
      "integrity": "sha512-L7z9BgrNEcYyUYtF+HaEfiS5ebkh9jXqbszz7pC0hRBPaatV0XjSD3+eHrpqFemQfgwiFF0QPIarnIihIDn7OA==",
      "dev": true
    },
    "alphanum-sort": {
      "version": "1.0.2",
      "resolved": "https://registry.npmjs.org/alphanum-sort/-/alphanum-sort-1.0.2.tgz",
      "integrity": "sha1-l6ERlkmyEa0zaR2fn0hqjsn74KM=",
      "dev": true
    },
    "anymatch": {
      "version": "3.1.2",
      "resolved": "https://registry.npmjs.org/anymatch/-/anymatch-3.1.2.tgz",
      "integrity": "sha512-P43ePfOAIupkguHUycrc4qJ9kz8ZiuOUijaETwX7THt0Y/GNK7v0aa8rY816xWjZ7rJdA5XdMcpVFTKMq+RvWg==",
      "dev": true,
      "requires": {
        "normalize-path": "^3.0.0",
        "picomatch": "^2.0.4"
      }
    },
    "ascii-table": {
      "version": "0.0.9",
      "resolved": "https://registry.npmjs.org/ascii-table/-/ascii-table-0.0.9.tgz",
      "integrity": "sha1-BqZgTWpV1L9BqaR9mHLXp42jHnM="
    },
    "binary-extensions": {
      "version": "2.2.0",
      "resolved": "https://registry.npmjs.org/binary-extensions/-/binary-extensions-2.2.0.tgz",
      "integrity": "sha512-jDctJ/IVQbZoJykoeHbhXpOlNBqGNcwXJKJog42E5HDPUwQTSdjCHdihjj0DlnheQ7blbT6dHOafNAiS8ooQKA==",
      "dev": true
    },
    "boolbase": {
      "version": "1.0.0",
      "resolved": "https://registry.npmjs.org/boolbase/-/boolbase-1.0.0.tgz",
      "integrity": "sha1-aN/1++YMUes3cl6p4+0xDcwed24=",
      "dev": true
    },
    "braces": {
      "version": "3.0.2",
      "resolved": "https://registry.npmjs.org/braces/-/braces-3.0.2.tgz",
      "integrity": "sha512-b8um+L1RzM3WDSzvhm6gIz1yfTbBt6YTlcEKAvsmqCZZFw46z626lVj9j1yEPW33H5H+lBQpZMP1k8l+78Ha0A==",
      "dev": true,
      "requires": {
        "fill-range": "^7.0.1"
      }
    },
    "browserslist": {
      "version": "4.17.5",
      "resolved": "https://registry.npmjs.org/browserslist/-/browserslist-4.17.5.tgz",
      "integrity": "sha512-I3ekeB92mmpctWBoLXe0d5wPS2cBuRvvW0JyyJHMrk9/HmP2ZjrTboNAZ8iuGqaEIlKguljbQY32OkOJIRrgoA==",
      "dev": true,
      "requires": {
        "caniuse-lite": "^1.0.30001271",
        "electron-to-chromium": "^1.3.878",
        "escalade": "^3.1.1",
        "node-releases": "^2.0.1",
        "picocolors": "^1.0.0"
      }
    },
    "caniuse-api": {
      "version": "3.0.0",
      "resolved": "https://registry.npmjs.org/caniuse-api/-/caniuse-api-3.0.0.tgz",
      "integrity": "sha512-bsTwuIg/BZZK/vreVTYYbSWoe2F+71P7K5QGEX+pT250DZbfU1MQ5prOKpPR+LL6uWKK3KMwMCAS74QB3Um1uw==",
      "dev": true,
      "requires": {
        "browserslist": "^4.0.0",
        "caniuse-lite": "^1.0.0",
        "lodash.memoize": "^4.1.2",
        "lodash.uniq": "^4.5.0"
      }
    },
    "caniuse-lite": {
      "version": "1.0.30001272",
      "resolved": "https://registry.npmjs.org/caniuse-lite/-/caniuse-lite-1.0.30001272.tgz",
      "integrity": "sha512-DV1j9Oot5dydyH1v28g25KoVm7l8MTxazwuiH3utWiAS6iL/9Nh//TGwqFEeqqN8nnWYQ8HHhUq+o4QPt9kvYw==",
      "dev": true
    },
    "chokidar": {
      "version": "3.5.2",
      "resolved": "https://registry.npmjs.org/chokidar/-/chokidar-3.5.2.tgz",
      "integrity": "sha512-ekGhOnNVPgT77r4K/U3GDhu+FQ2S8TnK/s2KbIGXi0SZWuwkZ2QNyfWdZW+TVfn84DpEP7rLeCt2UI6bJ8GwbQ==",
      "dev": true,
      "requires": {
        "anymatch": "~3.1.2",
        "braces": "~3.0.2",
        "fsevents": "~2.3.2",
        "glob-parent": "~5.1.2",
        "is-binary-path": "~2.1.0",
        "is-glob": "~4.0.1",
        "normalize-path": "~3.0.0",
        "readdirp": "~3.6.0"
      }
    },
    "colord": {
      "version": "2.9.1",
      "resolved": "https://registry.npmjs.org/colord/-/colord-2.9.1.tgz",
      "integrity": "sha512-4LBMSt09vR0uLnPVkOUBnmxgoaeN4ewRbx801wY/bXcltXfpR/G46OdWn96XpYmCWuYvO46aBZP4NgX8HpNAcw==",
      "dev": true
    },
    "commander": {
      "version": "7.2.0",
      "resolved": "https://registry.npmjs.org/commander/-/commander-7.2.0.tgz",
      "integrity": "sha512-QrWXB+ZQSVPmIWIhtEO9H+gwHaMGYiF5ChvoJ+K9ZGHG/sVsa6yiesAD1GC/x46sET00Xlwo1u49RVVVzvcSkw==",
      "dev": true
    },
    "css-color-names": {
      "version": "1.0.1",
      "resolved": "https://registry.npmjs.org/css-color-names/-/css-color-names-1.0.1.tgz",
      "integrity": "sha512-/loXYOch1qU1biStIFsHH8SxTmOseh1IJqFvy8IujXOm1h+QjUdDhkzOrR5HG8K8mlxREj0yfi8ewCHx0eMxzA==",
      "dev": true
    },
    "css-declaration-sorter": {
      "version": "6.1.3",
      "resolved": "https://registry.npmjs.org/css-declaration-sorter/-/css-declaration-sorter-6.1.3.tgz",
      "integrity": "sha512-SvjQjNRZgh4ULK1LDJ2AduPKUKxIqmtU7ZAyi47BTV+M90Qvxr9AB6lKlLbDUfXqI9IQeYA8LbAsCZPpJEV3aA==",
      "dev": true,
      "requires": {
        "timsort": "^0.3.0"
      }
    },
    "css-select": {
      "version": "4.1.3",
      "resolved": "https://registry.npmjs.org/css-select/-/css-select-4.1.3.tgz",
      "integrity": "sha512-gT3wBNd9Nj49rAbmtFHj1cljIAOLYSX1nZ8CB7TBO3INYckygm5B7LISU/szY//YmdiSLbJvDLOx9VnMVpMBxA==",
      "dev": true,
      "requires": {
        "boolbase": "^1.0.0",
        "css-what": "^5.0.0",
        "domhandler": "^4.2.0",
        "domutils": "^2.6.0",
        "nth-check": "^2.0.0"
      }
    },
    "css-tree": {
      "version": "1.1.3",
      "resolved": "https://registry.npmjs.org/css-tree/-/css-tree-1.1.3.tgz",
      "integrity": "sha512-tRpdppF7TRazZrjJ6v3stzv93qxRcSsFmW6cX0Zm2NVKpxE1WV1HblnghVv9TreireHkqI/VDEsfolRF1p6y7Q==",
      "dev": true,
      "requires": {
        "mdn-data": "2.0.14",
        "source-map": "^0.6.1"
      }
    },
    "css-what": {
      "version": "5.1.0",
      "resolved": "https://registry.npmjs.org/css-what/-/css-what-5.1.0.tgz",
      "integrity": "sha512-arSMRWIIFY0hV8pIxZMEfmMI47Wj3R/aWpZDDxWYCPEiOMv6tfOrnpDtgxBYPEQD4V0Y/958+1TdC3iWTFcUPw==",
      "dev": true
    },
    "cssesc": {
      "version": "3.0.0",
      "resolved": "https://registry.npmjs.org/cssesc/-/cssesc-3.0.0.tgz",
      "integrity": "sha512-/Tb/JcjK111nNScGob5MNtsntNM1aCNUDipB/TkwZFhyDrrE47SOx/18wF2bbjgc3ZzCSKW1T5nt5EbFoAz/Vg==",
      "dev": true
    },
    "cssnano": {
      "version": "5.0.8",
      "resolved": "https://registry.npmjs.org/cssnano/-/cssnano-5.0.8.tgz",
      "integrity": "sha512-Lda7geZU0Yu+RZi2SGpjYuQz4HI4/1Y+BhdD0jL7NXAQ5larCzVn+PUGuZbDMYz904AXXCOgO5L1teSvgu7aFg==",
      "dev": true,
      "requires": {
        "cssnano-preset-default": "^5.1.4",
        "is-resolvable": "^1.1.0",
        "lilconfig": "^2.0.3",
        "yaml": "^1.10.2"
      }
    },
    "cssnano-preset-default": {
      "version": "5.1.4",
      "resolved": "https://registry.npmjs.org/cssnano-preset-default/-/cssnano-preset-default-5.1.4.tgz",
      "integrity": "sha512-sPpQNDQBI3R/QsYxQvfB4mXeEcWuw0wGtKtmS5eg8wudyStYMgKOQT39G07EbW1LB56AOYrinRS9f0ig4Y3MhQ==",
      "dev": true,
      "requires": {
        "css-declaration-sorter": "^6.0.3",
        "cssnano-utils": "^2.0.1",
        "postcss-calc": "^8.0.0",
        "postcss-colormin": "^5.2.0",
        "postcss-convert-values": "^5.0.1",
        "postcss-discard-comments": "^5.0.1",
        "postcss-discard-duplicates": "^5.0.1",
        "postcss-discard-empty": "^5.0.1",
        "postcss-discard-overridden": "^5.0.1",
        "postcss-merge-longhand": "^5.0.2",
        "postcss-merge-rules": "^5.0.2",
        "postcss-minify-font-values": "^5.0.1",
        "postcss-minify-gradients": "^5.0.2",
        "postcss-minify-params": "^5.0.1",
        "postcss-minify-selectors": "^5.1.0",
        "postcss-normalize-charset": "^5.0.1",
        "postcss-normalize-display-values": "^5.0.1",
        "postcss-normalize-positions": "^5.0.1",
        "postcss-normalize-repeat-style": "^5.0.1",
        "postcss-normalize-string": "^5.0.1",
        "postcss-normalize-timing-functions": "^5.0.1",
        "postcss-normalize-unicode": "^5.0.1",
        "postcss-normalize-url": "^5.0.2",
        "postcss-normalize-whitespace": "^5.0.1",
        "postcss-ordered-values": "^5.0.2",
        "postcss-reduce-initial": "^5.0.1",
        "postcss-reduce-transforms": "^5.0.1",
        "postcss-svgo": "^5.0.2",
        "postcss-unique-selectors": "^5.0.1"
      }
    },
    "cssnano-utils": {
      "version": "2.0.1",
      "resolved": "https://registry.npmjs.org/cssnano-utils/-/cssnano-utils-2.0.1.tgz",
      "integrity": "sha512-i8vLRZTnEH9ubIyfdZCAdIdgnHAUeQeByEeQ2I7oTilvP9oHO6RScpeq3GsFUVqeB8uZgOQ9pw8utofNn32hhQ==",
      "dev": true
    },
    "csso": {
      "version": "4.2.0",
      "resolved": "https://registry.npmjs.org/csso/-/csso-4.2.0.tgz",
      "integrity": "sha512-wvlcdIbf6pwKEk7vHj8/Bkc0B4ylXZruLvOgs9doS5eOsOpuodOV2zJChSpkp+pRpYQLQMeF04nr3Z68Sta9jA==",
      "dev": true,
      "requires": {
        "css-tree": "^1.1.2"
      }
    },
    "dom-serializer": {
      "version": "1.3.2",
      "resolved": "https://registry.npmjs.org/dom-serializer/-/dom-serializer-1.3.2.tgz",
      "integrity": "sha512-5c54Bk5Dw4qAxNOI1pFEizPSjVsx5+bpJKmL2kPn8JhBUq2q09tTCa3mjijun2NfK78NMouDYNMBkOrPZiS+ig==",
      "dev": true,
      "requires": {
        "domelementtype": "^2.0.1",
        "domhandler": "^4.2.0",
        "entities": "^2.0.0"
      }
    },
    "domelementtype": {
      "version": "2.2.0",
      "resolved": "https://registry.npmjs.org/domelementtype/-/domelementtype-2.2.0.tgz",
      "integrity": "sha512-DtBMo82pv1dFtUmHyr48beiuq792Sxohr+8Hm9zoxklYPfa6n0Z3Byjj2IV7bmr2IyqClnqEQhfgHJJ5QF0R5A==",
      "dev": true
    },
    "domhandler": {
      "version": "4.2.2",
      "resolved": "https://registry.npmjs.org/domhandler/-/domhandler-4.2.2.tgz",
      "integrity": "sha512-PzE9aBMsdZO8TK4BnuJwH0QT41wgMbRzuZrHUcpYncEjmQazq8QEaBWgLG7ZyC/DAZKEgglpIA6j4Qn/HmxS3w==",
      "dev": true,
      "requires": {
        "domelementtype": "^2.2.0"
      }
    },
    "domutils": {
      "version": "2.8.0",
      "resolved": "https://registry.npmjs.org/domutils/-/domutils-2.8.0.tgz",
      "integrity": "sha512-w96Cjofp72M5IIhpjgobBimYEfoPjx1Vx0BSX9P30WBdZW2WIKU0T1Bd0kz2eNZ9ikjKgHbEyKx8BB6H1L3h3A==",
      "dev": true,
      "requires": {
        "dom-serializer": "^1.0.1",
        "domelementtype": "^2.2.0",
        "domhandler": "^4.2.0"
      }
    },
    "electron-to-chromium": {
      "version": "1.3.885",
      "resolved": "https://registry.npmjs.org/electron-to-chromium/-/electron-to-chromium-1.3.885.tgz",
      "integrity": "sha512-JXKFJcVWrdHa09n4CNZYfYaK6EW5aAew7/wr3L1OnsD1L+JHL+RCtd7QgIsxUbFPeTwPlvnpqNNTOLkoefmtXg==",
      "dev": true
    },
    "entities": {
      "version": "2.2.0",
      "resolved": "https://registry.npmjs.org/entities/-/entities-2.2.0.tgz",
      "integrity": "sha512-p92if5Nz619I0w+akJrLZH0MX0Pb5DX39XOwQTtXSdQQOaYH03S1uIQp4mhOZtAXrxq4ViO67YTiLBo2638o9A==",
      "dev": true
    },
    "escalade": {
      "version": "3.1.1",
      "resolved": "https://registry.npmjs.org/escalade/-/escalade-3.1.1.tgz",
      "integrity": "sha512-k0er2gUkLf8O0zKJiAhmkTnJlTvINGv7ygDNPbeIsX/TJjGJZHuh9B2UxbsaEkmlEo9MfhrSzmhIlhRlI2GXnw==",
      "dev": true
    },
    "fill-range": {
      "version": "7.0.1",
      "resolved": "https://registry.npmjs.org/fill-range/-/fill-range-7.0.1.tgz",
      "integrity": "sha512-qOo9F+dMUmC2Lcb4BbVvnKJxTPjCm+RRpe4gDuGrzkL7mEVl/djYSu2OdQ2Pa302N4oqkSg9ir6jaLWJ2USVpQ==",
      "dev": true,
      "requires": {
        "to-regex-range": "^5.0.1"
      }
    },
    "fsevents": {
      "version": "2.3.2",
      "resolved": "https://registry.npmjs.org/fsevents/-/fsevents-2.3.2.tgz",
      "integrity": "sha512-xiqMQR4xAeHTuB9uWm+fFRcIOgKBMiOBP+eXiyT7jsgVCq1bkVygt00oASowB7EdtpOHaaPgKt812P9ab+DDKA==",
      "dev": true,
      "optional": true
    },
    "glob-parent": {
      "version": "5.1.2",
      "resolved": "https://registry.npmjs.org/glob-parent/-/glob-parent-5.1.2.tgz",
      "integrity": "sha512-AOIgSQCepiJYwP3ARnGx+5VnTu2HBYdzbGP45eLw1vr3zB3vZLeyed1sC9hnbcOc9/SrMyM5RPQrkGz4aS9Zow==",
      "dev": true,
      "requires": {
        "is-glob": "^4.0.1"
      }
    },
    "is-absolute-url": {
      "version": "3.0.3",
      "resolved": "https://registry.npmjs.org/is-absolute-url/-/is-absolute-url-3.0.3.tgz",
      "integrity": "sha512-opmNIX7uFnS96NtPmhWQgQx6/NYFgsUXYMllcfzwWKUMwfo8kku1TvE6hkNcH+Q1ts5cMVrsY7j0bxXQDciu9Q==",
      "dev": true
    },
    "is-binary-path": {
      "version": "2.1.0",
      "resolved": "https://registry.npmjs.org/is-binary-path/-/is-binary-path-2.1.0.tgz",
      "integrity": "sha512-ZMERYes6pDydyuGidse7OsHxtbI7WVeUEozgR/g7rd0xUimYNlvZRE/K2MgZTjWy725IfelLeVcEM97mmtRGXw==",
      "dev": true,
      "requires": {
        "binary-extensions": "^2.0.0"
      }
    },
    "is-extglob": {
      "version": "2.1.1",
      "resolved": "https://registry.npmjs.org/is-extglob/-/is-extglob-2.1.1.tgz",
      "integrity": "sha1-qIwCU1eR8C7TfHahueqXc8gz+MI=",
      "dev": true
    },
    "is-glob": {
      "version": "4.0.3",
      "resolved": "https://registry.npmjs.org/is-glob/-/is-glob-4.0.3.tgz",
      "integrity": "sha512-xelSayHH36ZgE7ZWhli7pW34hNbNl8Ojv5KVmkJD4hBdD3th8Tfk9vYasLM+mXWOZhFkgZfxhLSnrwRr4elSSg==",
      "dev": true,
      "requires": {
        "is-extglob": "^2.1.1"
      }
    },
    "is-number": {
      "version": "7.0.0",
      "resolved": "https://registry.npmjs.org/is-number/-/is-number-7.0.0.tgz",
      "integrity": "sha512-41Cifkg6e8TylSpdtTpeLVMqvSBEVzTttHvERD741+pnZ8ANv0004MRL43QKPDlK9cGvNp6NZWZUBlbGXYxxng==",
      "dev": true
    },
    "is-resolvable": {
      "version": "1.1.0",
      "resolved": "https://registry.npmjs.org/is-resolvable/-/is-resolvable-1.1.0.tgz",
      "integrity": "sha512-qgDYXFSR5WvEfuS5dMj6oTMEbrrSaM0CrFk2Yiq/gXnBvD9pMa2jGXxyhGLfvhZpuMZe18CJpFxAt3CRs42NMg==",
      "dev": true
    },
    "js-tokens": {
      "version": "4.0.0",
      "resolved": "https://registry.npmjs.org/js-tokens/-/js-tokens-4.0.0.tgz",
      "integrity": "sha512-RdJUflcE3cUzKiMqQgsCu06FPu9UdIJO0beYbPhHN4k6apgJtifcoCtT9bcxOpYBtpD2kCM6Sbzg4CausW/PKQ=="
    },
    "lilconfig": {
      "version": "2.0.3",
      "resolved": "https://registry.npmjs.org/lilconfig/-/lilconfig-2.0.3.tgz",
      "integrity": "sha512-EHKqr/+ZvdKCifpNrJCKxBTgk5XupZA3y/aCPY9mxfgBzmgh93Mt/WqjjQ38oMxXuvDokaKiM3lAgvSH2sjtHg==",
      "dev": true
    },
    "lodash.memoize": {
      "version": "4.1.2",
      "resolved": "https://registry.npmjs.org/lodash.memoize/-/lodash.memoize-4.1.2.tgz",
      "integrity": "sha1-vMbEmkKihA7Zl/Mj6tpezRguC/4=",
      "dev": true
    },
    "lodash.uniq": {
      "version": "4.5.0",
      "resolved": "https://registry.npmjs.org/lodash.uniq/-/lodash.uniq-4.5.0.tgz",
      "integrity": "sha1-0CJTc662Uq3BvILklFM5qEJ1R3M=",
      "dev": true
    },
    "loose-envify": {
      "version": "1.4.0",
      "resolved": "https://registry.npmjs.org/loose-envify/-/loose-envify-1.4.0.tgz",
      "integrity": "sha512-lyuxPGr/Wfhrlem2CL/UcnUc1zcqKAImBDzukY7Y5F/yQiNdko6+fRLevlw1HgMySw7f611UIY408EtxRSoK3Q==",
      "requires": {
        "js-tokens": "^3.0.0 || ^4.0.0"
      }
    },
    "mdn-data": {
      "version": "2.0.14",
      "resolved": "https://registry.npmjs.org/mdn-data/-/mdn-data-2.0.14.tgz",
      "integrity": "sha512-dn6wd0uw5GsdswPFfsgMp5NSB0/aDe6fK94YJV/AJDYXL6HVLWBsxeq7js7Ad+mU2K9LAlwpk6kN2D5mwCPVow==",
      "dev": true
    },
    "nanocolors": {
      "version": "0.1.12",
      "resolved": "https://registry.npmjs.org/nanocolors/-/nanocolors-0.1.12.tgz",
      "integrity": "sha512-2nMHqg1x5PU+unxX7PGY7AuYxl2qDx7PSrTRjizr8sxdd3l/3hBuWWaki62qmtYm2U5i4Z5E7GbjlyDFhs9/EQ==",
      "dev": true
    },
    "nanoid": {
      "version": "3.1.30",
      "resolved": "https://registry.npmjs.org/nanoid/-/nanoid-3.1.30.tgz",
      "integrity": "sha512-zJpuPDwOv8D2zq2WRoMe1HsfZthVewpel9CAvTfc/2mBD1uUT/agc5f7GHGWXlYkFvi1mVxe4IjvP2HNrop7nQ=="
    },
    "node-releases": {
      "version": "2.0.1",
      "resolved": "https://registry.npmjs.org/node-releases/-/node-releases-2.0.1.tgz",
      "integrity": "sha512-CqyzN6z7Q6aMeF/ktcMVTzhAHCEpf8SOarwpzpf8pNBY2k5/oM34UHldUwp8VKI7uxct2HxSRdJjBaZeESzcxA==",
      "dev": true
    },
    "normalize-path": {
      "version": "3.0.0",
      "resolved": "https://registry.npmjs.org/normalize-path/-/normalize-path-3.0.0.tgz",
      "integrity": "sha512-6eZs5Ls3WtCisHWp9S2GUy8dqkpGi4BVSz3GaqiE6ezub0512ESztXUwUB6C6IKbQkY2Pnb/mD4WYojCRwcwLA==",
      "dev": true
    },
    "normalize-url": {
      "version": "6.1.0",
      "resolved": "https://registry.npmjs.org/normalize-url/-/normalize-url-6.1.0.tgz",
      "integrity": "sha512-DlL+XwOy3NxAQ8xuC0okPgK46iuVNAK01YN7RueYBqqFeGsBjV9XmCAzAdgt+667bCl5kPh9EqKKDwnaPG1I7A==",
      "dev": true
    },
    "nth-check": {
      "version": "2.0.1",
      "resolved": "https://registry.npmjs.org/nth-check/-/nth-check-2.0.1.tgz",
      "integrity": "sha512-it1vE95zF6dTT9lBsYbxvqh0Soy4SPowchj0UBGj/V6cTPnXXtQOPUbhZ6CmGzAD/rW22LQK6E96pcdJXk4A4w==",
      "dev": true,
      "requires": {
        "boolbase": "^1.0.0"
      }
    },
    "object-assign": {
      "version": "4.1.1",
      "resolved": "https://registry.npmjs.org/object-assign/-/object-assign-4.1.1.tgz",
      "integrity": "sha1-IQmtx5ZYh8/AXLvUQsrIv7s2CGM="
    },
    "performance-now": {
      "version": "2.1.0",
      "resolved": "https://registry.npmjs.org/performance-now/-/performance-now-2.1.0.tgz",
      "integrity": "sha1-Ywn04OX6kT7BxpMHrjZLSzd8nns="
    },
    "picocolors": {
      "version": "1.0.0",
      "resolved": "https://registry.npmjs.org/picocolors/-/picocolors-1.0.0.tgz",
      "integrity": "sha512-1fygroTLlHu66zi26VoTDv8yRgm0Fccecssto+MhsZ0D/DGW2sm8E8AjW7NU5VVTRt5GxbeZ5qBuJr+HyLYkjQ=="
    },
    "picomatch": {
      "version": "2.3.0",
      "resolved": "https://registry.npmjs.org/picomatch/-/picomatch-2.3.0.tgz",
      "integrity": "sha512-lY1Q/PiJGC2zOv/z391WOTD+Z02bCgsFfvxoXXf6h7kv9o+WmsmzYqrAwY63sNgOxE4xEdq0WyUnXfKeBrSvYw==",
      "dev": true
    },
    "postcss": {
      "version": "8.3.11",
      "resolved": "https://registry.npmjs.org/postcss/-/postcss-8.3.11.tgz",
      "integrity": "sha512-hCmlUAIlUiav8Xdqw3Io4LcpA1DOt7h3LSTAC4G6JGHFFaWzI6qvFt9oilvl8BmkbBRX1IhM90ZAmpk68zccQA==",
      "requires": {
        "nanoid": "^3.1.30",
        "picocolors": "^1.0.0",
        "source-map-js": "^0.6.2"
      }
    },
    "postcss-calc": {
      "version": "8.0.0",
      "resolved": "https://registry.npmjs.org/postcss-calc/-/postcss-calc-8.0.0.tgz",
      "integrity": "sha512-5NglwDrcbiy8XXfPM11F3HeC6hoT9W7GUH/Zi5U/p7u3Irv4rHhdDcIZwG0llHXV4ftsBjpfWMXAnXNl4lnt8g==",
      "dev": true,
      "requires": {
        "postcss-selector-parser": "^6.0.2",
        "postcss-value-parser": "^4.0.2"
      }
    },
    "postcss-colormin": {
      "version": "5.2.0",
      "resolved": "https://registry.npmjs.org/postcss-colormin/-/postcss-colormin-5.2.0.tgz",
      "integrity": "sha512-+HC6GfWU3upe5/mqmxuqYZ9B2Wl4lcoUUNkoaX59nEWV4EtADCMiBqui111Bu8R8IvaZTmqmxrqOAqjbHIwXPw==",
      "dev": true,
      "requires": {
        "browserslist": "^4.16.6",
        "caniuse-api": "^3.0.0",
        "colord": "^2.0.1",
        "postcss-value-parser": "^4.1.0"
      }
    },
    "postcss-convert-values": {
      "version": "5.0.1",
      "resolved": "https://registry.npmjs.org/postcss-convert-values/-/postcss-convert-values-5.0.1.tgz",
      "integrity": "sha512-C3zR1Do2BkKkCgC0g3sF8TS0koF2G+mN8xxayZx3f10cIRmTaAnpgpRQZjNekTZxM2ciSPoh2IWJm0VZx8NoQg==",
      "dev": true,
      "requires": {
        "postcss-value-parser": "^4.1.0"
      }
    },
    "postcss-discard-comments": {
      "version": "5.0.1",
      "resolved": "https://registry.npmjs.org/postcss-discard-comments/-/postcss-discard-comments-5.0.1.tgz",
      "integrity": "sha512-lgZBPTDvWrbAYY1v5GYEv8fEO/WhKOu/hmZqmCYfrpD6eyDWWzAOsl2rF29lpvziKO02Gc5GJQtlpkTmakwOWg==",
      "dev": true
    },
    "postcss-discard-duplicates": {
      "version": "5.0.1",
      "resolved": "https://registry.npmjs.org/postcss-discard-duplicates/-/postcss-discard-duplicates-5.0.1.tgz",
      "integrity": "sha512-svx747PWHKOGpAXXQkCc4k/DsWo+6bc5LsVrAsw+OU+Ibi7klFZCyX54gjYzX4TH+f2uzXjRviLARxkMurA2bA==",
      "dev": true
    },
    "postcss-discard-empty": {
      "version": "5.0.1",
      "resolved": "https://registry.npmjs.org/postcss-discard-empty/-/postcss-discard-empty-5.0.1.tgz",
      "integrity": "sha512-vfU8CxAQ6YpMxV2SvMcMIyF2LX1ZzWpy0lqHDsOdaKKLQVQGVP1pzhrI9JlsO65s66uQTfkQBKBD/A5gp9STFw==",
      "dev": true
    },
    "postcss-discard-overridden": {
      "version": "5.0.1",
      "resolved": "https://registry.npmjs.org/postcss-discard-overridden/-/postcss-discard-overridden-5.0.1.tgz",
      "integrity": "sha512-Y28H7y93L2BpJhrdUR2SR2fnSsT+3TVx1NmVQLbcnZWwIUpJ7mfcTC6Za9M2PG6w8j7UQRfzxqn8jU2VwFxo3Q==",
      "dev": true
    },
    "postcss-merge-longhand": {
      "version": "5.0.2",
      "resolved": "https://registry.npmjs.org/postcss-merge-longhand/-/postcss-merge-longhand-5.0.2.tgz",
      "integrity": "sha512-BMlg9AXSI5G9TBT0Lo/H3PfUy63P84rVz3BjCFE9e9Y9RXQZD3+h3YO1kgTNsNJy7bBc1YQp8DmSnwLIW5VPcw==",
      "dev": true,
      "requires": {
        "css-color-names": "^1.0.1",
        "postcss-value-parser": "^4.1.0",
        "stylehacks": "^5.0.1"
      }
    },
    "postcss-merge-rules": {
      "version": "5.0.2",
      "resolved": "https://registry.npmjs.org/postcss-merge-rules/-/postcss-merge-rules-5.0.2.tgz",
      "integrity": "sha512-5K+Md7S3GwBewfB4rjDeol6V/RZ8S+v4B66Zk2gChRqLTCC8yjnHQ601omj9TKftS19OPGqZ/XzoqpzNQQLwbg==",
      "dev": true,
      "requires": {
        "browserslist": "^4.16.6",
        "caniuse-api": "^3.0.0",
        "cssnano-utils": "^2.0.1",
        "postcss-selector-parser": "^6.0.5",
        "vendors": "^1.0.3"
      }
    },
    "postcss-minify-font-values": {
      "version": "5.0.1",
      "resolved": "https://registry.npmjs.org/postcss-minify-font-values/-/postcss-minify-font-values-5.0.1.tgz",
      "integrity": "sha512-7JS4qIsnqaxk+FXY1E8dHBDmraYFWmuL6cgt0T1SWGRO5bzJf8sUoelwa4P88LEWJZweHevAiDKxHlofuvtIoA==",
      "dev": true,
      "requires": {
        "postcss-value-parser": "^4.1.0"
      }
    },
    "postcss-minify-gradients": {
      "version": "5.0.2",
      "resolved": "https://registry.npmjs.org/postcss-minify-gradients/-/postcss-minify-gradients-5.0.2.tgz",
      "integrity": "sha512-7Do9JP+wqSD6Prittitt2zDLrfzP9pqKs2EcLX7HJYxsxCOwrrcLt4x/ctQTsiOw+/8HYotAoqNkrzItL19SdQ==",
      "dev": true,
      "requires": {
        "colord": "^2.6",
        "cssnano-utils": "^2.0.1",
        "postcss-value-parser": "^4.1.0"
      }
    },
    "postcss-minify-params": {
      "version": "5.0.1",
      "resolved": "https://registry.npmjs.org/postcss-minify-params/-/postcss-minify-params-5.0.1.tgz",
      "integrity": "sha512-4RUC4k2A/Q9mGco1Z8ODc7h+A0z7L7X2ypO1B6V8057eVK6mZ6xwz6QN64nHuHLbqbclkX1wyzRnIrdZehTEHw==",
      "dev": true,
      "requires": {
        "alphanum-sort": "^1.0.2",
        "browserslist": "^4.16.0",
        "cssnano-utils": "^2.0.1",
        "postcss-value-parser": "^4.1.0",
        "uniqs": "^2.0.0"
      }
    },
    "postcss-minify-selectors": {
      "version": "5.1.0",
      "resolved": "https://registry.npmjs.org/postcss-minify-selectors/-/postcss-minify-selectors-5.1.0.tgz",
      "integrity": "sha512-NzGBXDa7aPsAcijXZeagnJBKBPMYLaJJzB8CQh6ncvyl2sIndLVWfbcDi0SBjRWk5VqEjXvf8tYwzoKf4Z07og==",
      "dev": true,
      "requires": {
        "alphanum-sort": "^1.0.2",
        "postcss-selector-parser": "^6.0.5"
      }
    },
    "postcss-normalize-charset": {
      "version": "5.0.1",
      "resolved": "https://registry.npmjs.org/postcss-normalize-charset/-/postcss-normalize-charset-5.0.1.tgz",
      "integrity": "sha512-6J40l6LNYnBdPSk+BHZ8SF+HAkS4q2twe5jnocgd+xWpz/mx/5Sa32m3W1AA8uE8XaXN+eg8trIlfu8V9x61eg==",
      "dev": true
    },
    "postcss-normalize-display-values": {
      "version": "5.0.1",
      "resolved": "https://registry.npmjs.org/postcss-normalize-display-values/-/postcss-normalize-display-values-5.0.1.tgz",
      "integrity": "sha512-uupdvWk88kLDXi5HEyI9IaAJTE3/Djbcrqq8YgjvAVuzgVuqIk3SuJWUisT2gaJbZm1H9g5k2w1xXilM3x8DjQ==",
      "dev": true,
      "requires": {
        "cssnano-utils": "^2.0.1",
        "postcss-value-parser": "^4.1.0"
      }
    },
    "postcss-normalize-positions": {
      "version": "5.0.1",
      "resolved": "https://registry.npmjs.org/postcss-normalize-positions/-/postcss-normalize-positions-5.0.1.tgz",
      "integrity": "sha512-rvzWAJai5xej9yWqlCb1OWLd9JjW2Ex2BCPzUJrbaXmtKtgfL8dBMOOMTX6TnvQMtjk3ei1Lswcs78qKO1Skrg==",
      "dev": true,
      "requires": {
        "postcss-value-parser": "^4.1.0"
      }
    },
    "postcss-normalize-repeat-style": {
      "version": "5.0.1",
      "resolved": "https://registry.npmjs.org/postcss-normalize-repeat-style/-/postcss-normalize-repeat-style-5.0.1.tgz",
      "integrity": "sha512-syZ2itq0HTQjj4QtXZOeefomckiV5TaUO6ReIEabCh3wgDs4Mr01pkif0MeVwKyU/LHEkPJnpwFKRxqWA/7O3w==",
      "dev": true,
      "requires": {
        "cssnano-utils": "^2.0.1",
        "postcss-value-parser": "^4.1.0"
      }
    },
    "postcss-normalize-string": {
      "version": "5.0.1",
      "resolved": "https://registry.npmjs.org/postcss-normalize-string/-/postcss-normalize-string-5.0.1.tgz",
      "integrity": "sha512-Ic8GaQ3jPMVl1OEn2U//2pm93AXUcF3wz+OriskdZ1AOuYV25OdgS7w9Xu2LO5cGyhHCgn8dMXh9bO7vi3i9pA==",
      "dev": true,
      "requires": {
        "postcss-value-parser": "^4.1.0"
      }
    },
    "postcss-normalize-timing-functions": {
      "version": "5.0.1",
      "resolved": "https://registry.npmjs.org/postcss-normalize-timing-functions/-/postcss-normalize-timing-functions-5.0.1.tgz",
      "integrity": "sha512-cPcBdVN5OsWCNEo5hiXfLUnXfTGtSFiBU9SK8k7ii8UD7OLuznzgNRYkLZow11BkQiiqMcgPyh4ZqXEEUrtQ1Q==",
      "dev": true,
      "requires": {
        "cssnano-utils": "^2.0.1",
        "postcss-value-parser": "^4.1.0"
      }
    },
    "postcss-normalize-unicode": {
      "version": "5.0.1",
      "resolved": "https://registry.npmjs.org/postcss-normalize-unicode/-/postcss-normalize-unicode-5.0.1.tgz",
      "integrity": "sha512-kAtYD6V3pK0beqrU90gpCQB7g6AOfP/2KIPCVBKJM2EheVsBQmx/Iof+9zR9NFKLAx4Pr9mDhogB27pmn354nA==",
      "dev": true,
      "requires": {
        "browserslist": "^4.16.0",
        "postcss-value-parser": "^4.1.0"
      }
    },
    "postcss-normalize-url": {
      "version": "5.0.2",
      "resolved": "https://registry.npmjs.org/postcss-normalize-url/-/postcss-normalize-url-5.0.2.tgz",
      "integrity": "sha512-k4jLTPUxREQ5bpajFQZpx8bCF2UrlqOTzP9kEqcEnOfwsRshWs2+oAFIHfDQB8GO2PaUaSE0NlTAYtbluZTlHQ==",
      "dev": true,
      "requires": {
        "is-absolute-url": "^3.0.3",
        "normalize-url": "^6.0.1",
        "postcss-value-parser": "^4.1.0"
      }
    },
    "postcss-normalize-whitespace": {
      "version": "5.0.1",
      "resolved": "https://registry.npmjs.org/postcss-normalize-whitespace/-/postcss-normalize-whitespace-5.0.1.tgz",
      "integrity": "sha512-iPklmI5SBnRvwceb/XH568yyzK0qRVuAG+a1HFUsFRf11lEJTiQQa03a4RSCQvLKdcpX7XsI1Gen9LuLoqwiqA==",
      "dev": true,
      "requires": {
        "postcss-value-parser": "^4.1.0"
      }
    },
    "postcss-ordered-values": {
      "version": "5.0.2",
      "resolved": "https://registry.npmjs.org/postcss-ordered-values/-/postcss-ordered-values-5.0.2.tgz",
      "integrity": "sha512-8AFYDSOYWebJYLyJi3fyjl6CqMEG/UVworjiyK1r573I56kb3e879sCJLGvR3merj+fAdPpVplXKQZv+ey6CgQ==",
      "dev": true,
      "requires": {
        "cssnano-utils": "^2.0.1",
        "postcss-value-parser": "^4.1.0"
      }
    },
    "postcss-reduce-initial": {
      "version": "5.0.1",
      "resolved": "https://registry.npmjs.org/postcss-reduce-initial/-/postcss-reduce-initial-5.0.1.tgz",
      "integrity": "sha512-zlCZPKLLTMAqA3ZWH57HlbCjkD55LX9dsRyxlls+wfuRfqCi5mSlZVan0heX5cHr154Dq9AfbH70LyhrSAezJw==",
      "dev": true,
      "requires": {
        "browserslist": "^4.16.0",
        "caniuse-api": "^3.0.0"
      }
    },
    "postcss-reduce-transforms": {
      "version": "5.0.1",
      "resolved": "https://registry.npmjs.org/postcss-reduce-transforms/-/postcss-reduce-transforms-5.0.1.tgz",
      "integrity": "sha512-a//FjoPeFkRuAguPscTVmRQUODP+f3ke2HqFNgGPwdYnpeC29RZdCBvGRGTsKpMURb/I3p6jdKoBQ2zI+9Q7kA==",
      "dev": true,
      "requires": {
        "cssnano-utils": "^2.0.1",
        "postcss-value-parser": "^4.1.0"
      }
    },
    "postcss-selector-parser": {
      "version": "6.0.6",
      "resolved": "https://registry.npmjs.org/postcss-selector-parser/-/postcss-selector-parser-6.0.6.tgz",
      "integrity": "sha512-9LXrvaaX3+mcv5xkg5kFwqSzSH1JIObIx51PrndZwlmznwXRfxMddDvo9gve3gVR8ZTKgoFDdWkbRFmEhT4PMg==",
      "dev": true,
      "requires": {
        "cssesc": "^3.0.0",
        "util-deprecate": "^1.0.2"
      }
    },
    "postcss-svgo": {
      "version": "5.0.2",
      "resolved": "https://registry.npmjs.org/postcss-svgo/-/postcss-svgo-5.0.2.tgz",
      "integrity": "sha512-YzQuFLZu3U3aheizD+B1joQ94vzPfE6BNUcSYuceNxlVnKKsOtdo6hL9/zyC168Q8EwfLSgaDSalsUGa9f2C0A==",
      "dev": true,
      "requires": {
        "postcss-value-parser": "^4.1.0",
        "svgo": "^2.3.0"
      }
    },
    "postcss-unique-selectors": {
      "version": "5.0.1",
      "resolved": "https://registry.npmjs.org/postcss-unique-selectors/-/postcss-unique-selectors-5.0.1.tgz",
      "integrity": "sha512-gwi1NhHV4FMmPn+qwBNuot1sG1t2OmacLQ/AX29lzyggnjd+MnVD5uqQmpXO3J17KGL2WAxQruj1qTd3H0gG/w==",
      "dev": true,
      "requires": {
        "alphanum-sort": "^1.0.2",
        "postcss-selector-parser": "^6.0.5",
        "uniqs": "^2.0.0"
      }
    },
    "postcss-value-parser": {
      "version": "4.1.0",
      "resolved": "https://registry.npmjs.org/postcss-value-parser/-/postcss-value-parser-4.1.0.tgz",
      "integrity": "sha512-97DXOFbQJhk71ne5/Mt6cOu6yxsSfM0QGQyl0L25Gca4yGWEGJaig7l7gbCX623VqTBNGLRLaVUCnNkcedlRSQ==",
      "dev": true
    },
    "prop-types": {
      "version": "15.7.2",
      "resolved": "https://registry.npmjs.org/prop-types/-/prop-types-15.7.2.tgz",
      "integrity": "sha512-8QQikdH7//R2vurIJSutZ1smHYTcLpRWEOlHnzcWHmBYrOGUysKwSsrC89BCiFj3CbrfJ/nXFdJepOVrY1GCHQ==",
      "requires": {
        "loose-envify": "^1.4.0",
        "object-assign": "^4.1.1",
        "react-is": "^16.8.1"
      }
    },
    "raf": {
      "version": "3.4.1",
      "resolved": "https://registry.npmjs.org/raf/-/raf-3.4.1.tgz",
      "integrity": "sha512-Sq4CW4QhwOHE8ucn6J34MqtZCeWFP2aQSmrlroYgqAV1PjStIhJXxYuTgUIfkEk7zTLjmIjLmU5q+fbD1NnOJA==",
      "requires": {
        "performance-now": "^2.1.0"
      }
    },
    "react-is": {
      "version": "16.13.1",
      "resolved": "https://registry.npmjs.org/react-is/-/react-is-16.13.1.tgz",
      "integrity": "sha512-24e6ynE2H+OKt4kqsOvNd8kBpV65zoxbA4BVsEOB3ARVWQki/DHzaUoC5KuON/BiccDaCCTZBuOcfZs70kR8bQ=="
    },
    "readdirp": {
      "version": "3.6.0",
      "resolved": "https://registry.npmjs.org/readdirp/-/readdirp-3.6.0.tgz",
      "integrity": "sha512-hOS089on8RduqdbhvQ5Z37A0ESjsqz6qnRcffsMU3495FuTdqSm+7bhJ29JvIOsBDEEnan5DPu9t3To9VRlMzA==",
      "dev": true,
      "requires": {
        "picomatch": "^2.2.1"
      }
    },
    "sass": {
      "version": "1.43.4",
      "resolved": "https://registry.npmjs.org/sass/-/sass-1.43.4.tgz",
      "integrity": "sha512-/ptG7KE9lxpGSYiXn7Ar+lKOv37xfWsZRtFYal2QHNigyVQDx685VFT/h7ejVr+R8w7H4tmUgtulsKl5YpveOg==",
      "dev": true,
      "requires": {
        "chokidar": ">=3.0.0 <4.0.0"
      }
    },
    "source-map": {
      "version": "0.6.1",
      "resolved": "https://registry.npmjs.org/source-map/-/source-map-0.6.1.tgz",
      "integrity": "sha512-UjgapumWlbMhkBgzT7Ykc5YXUT46F0iKu8SGXq0bcwP5dz/h0Plj6enJqjz1Zbq2l5WaqYnrVbwWOWMyF3F47g==",
      "dev": true
    },
    "source-map-js": {
      "version": "0.6.2",
      "resolved": "https://registry.npmjs.org/source-map-js/-/source-map-js-0.6.2.tgz",
      "integrity": "sha512-/3GptzWzu0+0MBQFrDKzw/DvvMTUORvgY6k6jd/VS6iCR4RDTKWH6v6WPwQoUO8667uQEf9Oe38DxAYWY5F/Ug=="
    },
    "stable": {
      "version": "0.1.8",
      "resolved": "https://registry.npmjs.org/stable/-/stable-0.1.8.tgz",
      "integrity": "sha512-ji9qxRnOVfcuLDySj9qzhGSEFVobyt1kIOSkj1qZzYLzq7Tos/oUUWvotUPQLlrsidqsK6tBH89Bc9kL5zHA6w==",
      "dev": true
    },
    "stylehacks": {
      "version": "5.0.1",
      "resolved": "https://registry.npmjs.org/stylehacks/-/stylehacks-5.0.1.tgz",
      "integrity": "sha512-Es0rVnHIqbWzveU1b24kbw92HsebBepxfcqe5iix7t9j0PQqhs0IxXVXv0pY2Bxa08CgMkzD6OWql7kbGOuEdA==",
      "dev": true,
      "requires": {
        "browserslist": "^4.16.0",
        "postcss-selector-parser": "^6.0.4"
      }
    },
    "svgo": {
      "version": "2.7.0",
      "resolved": "https://registry.npmjs.org/svgo/-/svgo-2.7.0.tgz",
      "integrity": "sha512-aDLsGkre4fTDCWvolyW+fs8ZJFABpzLXbtdK1y71CKnHzAnpDxKXPj2mNKj+pyOXUCzFHzuxRJ94XOFygOWV3w==",
      "dev": true,
      "requires": {
        "@trysound/sax": "0.2.0",
        "commander": "^7.2.0",
        "css-select": "^4.1.3",
        "css-tree": "^1.1.3",
        "csso": "^4.2.0",
        "nanocolors": "^0.1.12",
        "stable": "^0.1.8"
      }
    },
    "timsort": {
      "version": "0.3.0",
      "resolved": "https://registry.npmjs.org/timsort/-/timsort-0.3.0.tgz",
      "integrity": "sha1-QFQRqOfmM5/mTbmiNN4R3DHgK9Q=",
      "dev": true
    },
    "to-regex-range": {
      "version": "5.0.1",
      "resolved": "https://registry.npmjs.org/to-regex-range/-/to-regex-range-5.0.1.tgz",
      "integrity": "sha512-65P7iz6X5yEr1cwcgvQxbbIw7Uk3gOy5dIdtZ4rDveLqhrdJP+Li/Hx6tyK0NEb+2GCyneCMJiGqrADCSNk8sQ==",
      "dev": true,
      "requires": {
        "is-number": "^7.0.0"
      }
    },
    "typewriter-effect": {
      "version": "2.18.2",
      "resolved": "https://registry.npmjs.org/typewriter-effect/-/typewriter-effect-2.18.2.tgz",
      "integrity": "sha512-I6VLfaICftFgZ3sauoVrvHmqzD2r1t+roopD6pyQ1EV4fmq3kZ4ssfLJk9mPd1VHdnwb9XxSnDH09QHNJ/HrXw==",
      "requires": {
        "prop-types": "^15.6.2",
        "raf": "^3.4.0"
      }
    },
    "uniqs": {
      "version": "2.0.0",
      "resolved": "https://registry.npmjs.org/uniqs/-/uniqs-2.0.0.tgz",
      "integrity": "sha1-/+3ks2slKQaW5uFl1KWe25mOawI=",
      "dev": true
    },
    "util-deprecate": {
      "version": "1.0.2",
      "resolved": "https://registry.npmjs.org/util-deprecate/-/util-deprecate-1.0.2.tgz",
      "integrity": "sha1-RQ1Nyfpw3nMnYvvS1KKJgUGaDM8=",
      "dev": true
    },
    "vendors": {
      "version": "1.0.4",
      "resolved": "https://registry.npmjs.org/vendors/-/vendors-1.0.4.tgz",
      "integrity": "sha512-/juG65kTL4Cy2su4P8HjtkTxk6VmJDiOPBufWniqQ6wknac6jNiXS9vU+hO3wgusiyqWlzTbVHi0dyJqRONg3w==",
      "dev": true
    },
    "yaml": {
      "version": "1.10.2",
      "resolved": "https://registry.npmjs.org/yaml/-/yaml-1.10.2.tgz",
      "integrity": "sha512-r3vXyErRCYJ7wg28yvBY5VSoAF8ZvlcW9/BwUzEtUsjvX/DKs24dIkuwjtuprwJJHsbyUbLApepYTR1BN4uHrg==",
      "dev": true
    }
  }
}
